// !$*UTF8*$!
{
	archiveVersion = 1;
	classes = {
	};
	objectVersion = 60;
	objects = {

/* Begin PBXBuildFile section */
		431D5229A0270959A570D4D8 /* RotatorApp.swift in Sources */ = {isa = PBXBuildFile; fileRef = 18891BE39273BBA323313A84 /* RotatorApp.swift */; };
		88E3025E4B6B374C39DAD1BD /* RotatorUITests.swift in Sources */ = {isa = PBXBuildFile; fileRef = C336309D9D9783190D84B659 /* RotatorUITests.swift */; };
/* End PBXBuildFile section */

/* Begin PBXContainerItemProxy section */
		632419BB7A8167FC1F5E9CA0 /* PBXContainerItemProxy */ = {
			isa = PBXContainerItemProxy;
			containerPortal = 98F54143AB4E86B28C3AFEE0 /* Project object */;
			proxyType = 1;
			remoteGlobalIDString = 61A16B984DA675EC18B6F5C5;
			remoteInfo = Rotator;
		};
/* End PBXContainerItemProxy section */

/* Begin PBXFileReference section */
		E01F605F5081F20AD4D8BD9B /* Rotator.app */ = {isa = PBXFileReference; explicitFileType = wrapper.application; includeInIndex = 0; path = Rotator.app; sourceTree = BUILT_PRODUCTS_DIR; };
		2CFA386B1E91BE92C8C515D6 /* RotatorUITests.xctest */ = {isa = PBXFileReference; explicitFileType = wrapper.cfbundle; includeInIndex = 0; path = RotatorUITests.xctest; sourceTree = BUILT_PRODUCTS_DIR; };
		18891BE39273BBA323313A84 /* RotatorApp.swift */ = {isa = PBXFileReference; lastKnownFileType = sourcecode.swift; path = RotatorApp.swift; sourceTree = "<group>"; };
		C336309D9D9783190D84B659 /* RotatorUITests.swift */ = {isa = PBXFileReference; lastKnownFileType = sourcecode.swift; path = RotatorUITests.swift; sourceTree = "<group>"; };
/* End PBXFileReference section */

/* Begin PBXFrameworksBuildPhase section */
		F202FE129598674979FE69E4 /* Frameworks */ = {
			isa = PBXFrameworksBuildPhase;
			buildActionMask = 2147483647;
			files = (
			);
			runOnlyForDeploymentPostprocessing = 0;
		};
		5379DD2B16E4300AFD372523 /* Frameworks */ = {
			isa = PBXFrameworksBuildPhase;
			buildActionMask = 2147483647;
			files = (
			);
			runOnlyForDeploymentPostprocessing = 0;
		};
/* End PBXFrameworksBuildPhase section */

/* Begin PBXGroup section */
		E50290A24C49A459B43487C5 = {
			isa = PBXGroup;
			children = (
				1B9209B097A25A4A18BD4A57 /* Rotator */,
				A4B0248F8DD7A799D475FE40 /* RotatorUITests */,
				328EC33DF3954DC9B83FA285 /* Products */,
			);
			sourceTree = "<group>";
		};
		328EC33DF3954DC9B83FA285 /* Products */ = {
			isa = PBXGroup;
			children = (
				E01F605F5081F20AD4D8BD9B /* Rotator.app */,
				2CFA386B1E91BE92C8C515D6 /* RotatorUITests.xctest */,
			);
			name = Products;
			sourceTree = "<group>";
		};
		1B9209B097A25A4A18BD4A57 /* Rotator */ = {
			isa = PBXGroup;
			children = (
				18891BE39273BBA323313A84 /* RotatorApp.swift */,
			);
			path = Rotator;
			sourceTree = "<group>";
		};
		A4B0248F8DD7A799D475FE40 /* RotatorUITests */ = {
			isa = PBXGroup;
			children = (
				C336309D9D9783190D84B659 /* RotatorUITests.swift */,
			);
			path = RotatorUITests;
			sourceTree = "<group>";
		};
/* End PBXGroup section */

/* Begin PBXNativeTarget section */
		61A16B984DA675EC18B6F5C5 /* Rotator */ = {
			isa = PBXNativeTarget;
			buildConfigurationList = 7F20F29B84DA5F8116F23B07 /* Build configuration list for PBXNativeTarget "Rotator" */;
			buildPhases = (
				239F4F0175A3221D44B60982 /* Sources */,
				F202FE129598674979FE69E4 /* Frameworks */,
				435C1F6060E4338928659723 /* Resources */,
			);
			buildRules = (
			);
			dependencies = (
			);
			name = Rotator;
			productName = Rotator;
			productReference = E01F605F5081F20AD4D8BD9B /* Rotator.app */;
			productType = "com.apple.product-type.application";
		};
		0A693D65D2D6E0FFCA8C981B /* RotatorUITests */ = {
			isa = PBXNativeTarget;
			buildConfigurationList = 41BA92153187ECE9568FBBDA /* Build configuration list for PBXNativeTarget "RotatorUITests" */;
			buildPhases = (
				876F9359CC381AAC4945399F /* Sources */,
				5379DD2B16E4300AFD372523 /* Frameworks */,
				6C3704E3394F3D7E6A19F6E9 /* Resources */,
			);
			buildRules = (
			);
			dependencies = (
				87F75CA355C5294767588B49 /* PBXTargetDependency */,
			);
			name = RotatorUITests;
			productName = RotatorUITests;
			productReference = 2CFA386B1E91BE92C8C515D6 /* RotatorUITests.xctest */;
			productType = "com.apple.product-type.bundle.ui-testing";
		};
/* End PBXNativeTarget section */

/* Begin PBXProject section */
		98F54143AB4E86B28C3AFEE0 /* Project object */ = {
			isa = PBXProject;
			attributes = {
				BuildIndependentTargetsInParallel = 1;
				LastSwiftUpdateCheck = 1600;
				LastUpgradeCheck = 1600;
				TargetAttributes = {
					61A16B984DA675EC18B6F5C5 = {
						CreatedOnToolsVersion = 16.0;
					};
					0A693D65D2D6E0FFCA8C981B = {
						CreatedOnToolsVersion = 16.0;
						TestTargetID = 61A16B984DA675EC18B6F5C5;
					};
				};
			};
			buildConfigurationList = 41A2CC2D5321B7BB2E956CA5 /* Build configuration list for PBXProject "Rotator" */;
			compatibilityVersion = "Xcode 14.0";
			developmentRegion = en;
			hasScannedForEncodings = 0;
			knownRegions = (
				en,
				Base,
			);
			mainGroup = E50290A24C49A459B43487C5;
			productRefGroup = 328EC33DF3954DC9B83FA285 /* Products */;
			projectDirPath = "";
			projectRoot = "";
			targets = (
				61A16B984DA675EC18B6F5C5 /* Rotator */,
				0A693D65D2D6E0FFCA8C981B /* RotatorUITests */,
			);
		};
/* End PBXProject section */

/* Begin PBXResourcesBuildPhase section */
		435C1F6060E4338928659723 /* Resources */ = {
			isa = PBXResourcesBuildPhase;
			buildActionMask = 2147483647;
			files = (
			);
			runOnlyForDeploymentPostprocessing = 0;
		};
		6C3704E3394F3D7E6A19F6E9 /* Resources */ = {
			isa = PBXResourcesBuildPhase;
			buildActionMask = 2147483647;
			files = (
			);
			runOnlyForDeploymentPostprocessing = 0;
		};
/* End PBXResourcesBuildPhase section */

/* Begin PBXSourcesBuildPhase section */
		239F4F0175A3221D44B60982 /* Sources */ = {
			isa = PBXSourcesBuildPhase;
			buildActionMask = 2147483647;
			files = (
				431D5229A0270959A570D4D8 /* RotatorApp.swift in Sources */,
			);
			runOnlyForDeploymentPostprocessing = 0;
		};
		876F9359CC381AAC4945399F /* Sources */ = {
			isa = PBXSourcesBuildPhase;
			buildActionMask = 2147483647;
			files = (
				88E3025E4B6B374C39DAD1BD /* RotatorUITests.swift in Sources */,
			);
			runOnlyForDeploymentPostprocessing = 0;
		};
/* End PBXSourcesBuildPhase section */

/* Begin PBXTargetDependency section */
		87F75CA355C5294767588B49 /* PBXTargetDependency */ = {
			isa = PBXTargetDependency;
			target = 61A16B984DA675EC18B6F5C5 /* Rotator */;
			targetProxy = 632419BB7A8167FC1F5E9CA0 /* PBXContainerItemProxy */;
		};
/* End PBXTargetDependency section */

/* Begin XCBuildConfiguration section */
		B9A1FF4C261A493FF27AD605 /* Debug */ = {
			isa = XCBuildConfiguration;
			buildSettings = {
				ALWAYS_SEARCH_USER_PATHS = NO;
				CLANG_ANALYZER_NONNULL = YES;
				CLANG_ENABLE_MODULES = YES;
				CLANG_ENABLE_OBJC_ARC = YES;
				CLANG_WARN_DOCUMENTATION_COMMENTS = YES;
				CODE_SIGN_STYLE = Automatic;
				CODE_SIGNING_ALLOWED = NO;
				CODE_SIGNING_REQUIRED = NO;
				COPY_PHASE_STRIP = NO;
				DEBUG_INFORMATION_FORMAT = dwarf;
				ENABLE_STRICT_OBJC_MSGSEND = YES;
				ENABLE_TESTABILITY = YES;
				GCC_C_LANGUAGE_STANDARD = gnu11;
				GCC_NO_COMMON_BLOCKS = YES;
				GCC_OPTIMIZATION_LEVEL = 0;
				GCC_PREPROCESSOR_DEFINITIONS = (
					"DEBUG=1",
					"$(inherited)",
				);
				IPHONEOS_DEPLOYMENT_TARGET = 16.0;
				MTL_ENABLE_DEBUG_INFO = INCLUDE_SOURCE;
				MTL_FAST_MATH = YES;
				ONLY_ACTIVE_ARCH = YES;
				SDKROOT = iphoneos;
				SWIFT_ACTIVE_COMPILATION_CONDITIONS = DEBUG;
				SWIFT_OPTIMIZATION_LEVEL = "-Onone";
				SWIFT_VERSION = 5.0;
				TARGETED_DEVICE_FAMILY = "1,2";
			};
			name = Debug;
		};
		1872631125DF85A968E38C58 /* Release */ = {
			isa = XCBuildConfiguration;
			buildSettings = {
				ALWAYS_SEARCH_USER_PATHS = NO;
				CLANG_ANALYZER_NONNULL = YES;
				CLANG_ENABLE_MODULES = YES;
				CLANG_ENABLE_OBJC_ARC = YES;
				CLANG_WARN_DOCUMENTATION_COMMENTS = YES;
				CODE_SIGN_STYLE = Automatic;
				CODE_SIGNING_ALLOWED = NO;
				CODE_SIGNING_REQUIRED = NO;
				COPY_PHASE_STRIP = NO;
				DEBUG_INFORMATION_FORMAT = "dwarf-with-dsym";
				ENABLE_STRICT_OBJC_MSGSEND = YES;
				ENABLE_NS_ASSERTIONS = NO;
				GCC_C_LANGUAGE_STANDARD = gnu11;
				GCC_NO_COMMON_BLOCKS = YES;
				IPHONEOS_DEPLOYMENT_TARGET = 16.0;
				MTL_ENABLE_DEBUG_INFO = NO;
				MTL_FAST_MATH = YES;
				SDKROOT = iphoneos;
				SWIFT_COMPILATION_MODE = wholemodule;
				SWIFT_VERSION = 5.0;
				TARGETED_DEVICE_FAMILY = "1,2";
				VALIDATE_PRODUCT = YES;
			};
			name = Release;
		};
		5B9B9D847B43493E753C75E5 /* Debug */ = {
			isa = XCBuildConfiguration;
			buildSettings = {
				ASSETCATALOG_COMPILER_GENERATE_ASSET_SYMBOLS = NO;
				CODE_SIGNING_ALLOWED = NO;
				CODE_SIGNING_REQUIRED = NO;
				CURRENT_PROJECT_VERSION = 1;
				GENERATE_INFOPLIST_FILE = YES;
				INFOPLIST_KEY_UIApplicationSceneManifest_Generation = YES;
				INFOPLIST_KEY_UILaunchScreen_Generation = YES;
				INFOPLIST_KEY_UISupportedInterfaceOrientations = "UIInterfaceOrientationPortrait UIInterfaceOrientationPortraitUpsideDown UIInterfaceOrientationLandscapeLeft UIInterfaceOrientationLandscapeRight";
				INFOPLIST_KEY_UISupportedInterfaceOrientations_iPad = "UIInterfaceOrientationPortrait UIInterfaceOrientationPortraitUpsideDown UIInterfaceOrientationLandscapeLeft UIInterfaceOrientationLandscapeRight";
				LD_RUNPATH_SEARCH_PATHS = (
					"$(inherited)",
					"@executable_path/Frameworks",
				);
				MARKETING_VERSION = 1.0;
				PRODUCT_BUNDLE_IDENTIFIER = com.linguiversal.rotator;
				PRODUCT_NAME = "$(TARGET_NAME)";
				SWIFT_EMIT_LOC_STRINGS = YES;
				SWIFT_VERSION = 5.0;
				TARGETED_DEVICE_FAMILY = "1,2";
			};
			name = Debug;
		};
		D5597EF465BBBDA5E88480FC /* Release */ = {
			isa = XCBuildConfiguration;
			buildSettings = {
				ASSETCATALOG_COMPILER_GENERATE_ASSET_SYMBOLS = NO;
				CODE_SIGNING_ALLOWED = NO;
				CODE_SIGNING_REQUIRED = NO;
				CURRENT_PROJECT_VERSION = 1;
				GENERATE_INFOPLIST_FILE = YES;
				INFOPLIST_KEY_UIApplicationSceneManifest_Generation = YES;
				INFOPLIST_KEY_UILaunchScreen_Generation = YES;
				INFOPLIST_KEY_UISupportedInterfaceOrientations = "UIInterfaceOrientationPortrait UIInterfaceOrientationPortraitUpsideDown UIInterfaceOrientationLandscapeLeft UIInterfaceOrientationLandscapeRight";
				INFOPLIST_KEY_UISupportedInterfaceOrientations_iPad = "UIInterfaceOrientationPortrait UIInterfaceOrientationPortraitUpsideDown UIInterfaceOrientationLandscapeLeft UIInterfaceOrientationLandscapeRight";
				LD_RUNPATH_SEARCH_PATHS = (
					"$(inherited)",
					"@executable_path/Frameworks",
				);
				MARKETING_VERSION = 1.0;
				PRODUCT_BUNDLE_IDENTIFIER = com.linguiversal.rotator;
				PRODUCT_NAME = "$(TARGET_NAME)";
				SWIFT_EMIT_LOC_STRINGS = YES;
				SWIFT_VERSION = 5.0;
				TARGETED_DEVICE_FAMILY = "1,2";
			};
			name = Release;
		};
		B8D6F32856EB0BB811875DCD /* Debug */ = {
			isa = XCBuildConfiguration;
			buildSettings = {
				ALWAYS_EMBED_SWIFT_STANDARD_LIBRARIES = YES;
				BUNDLE_LOADER = "$(TEST_HOST)";
				CODE_SIGNING_ALLOWED = NO;
				CODE_SIGNING_REQUIRED = NO;
				CURRENT_PROJECT_VERSION = 1;
				GENERATE_INFOPLIST_FILE = YES;
				MARKETING_VERSION = 1.0;
				PRODUCT_BUNDLE_IDENTIFIER = com.linguiversal.rotator.RotatorUITests;
				PRODUCT_NAME = "$(TARGET_NAME)";
				SWIFT_EMIT_LOC_STRINGS = YES;
				SWIFT_VERSION = 5.0;
				TARGETED_DEVICE_FAMILY = "1,2";
				TEST_TARGET_NAME = Rotator;
			};
			name = Debug;
		};
		8B60D50C1B17BEC7744AFB85 /* Release */ = {
			isa = XCBuildConfiguration;
			buildSettings = {
				ALWAYS_EMBED_SWIFT_STANDARD_LIBRARIES = YES;
				BUNDLE_LOADER = "$(TEST_HOST)";
				CODE_SIGNING_ALLOWED = NO;
				CODE_SIGNING_REQUIRED = NO;
				CURRENT_PROJECT_VERSION = 1;
				GENERATE_INFOPLIST_FILE = YES;
				MARKETING_VERSION = 1.0;
				PRODUCT_BUNDLE_IDENTIFIER = com.linguiversal.rotator.RotatorUITests;
				PRODUCT_NAME = "$(TARGET_NAME)";
				SWIFT_EMIT_LOC_STRINGS = YES;
				SWIFT_VERSION = 5.0;
				TARGETED_DEVICE_FAMILY = "1,2";
				TEST_TARGET_NAME = Rotator;
			};
			name = Release;
		};
/* End XCBuildConfiguration section */

/* Begin XCConfigurationList section */
		41A2CC2D5321B7BB2E956CA5 /* Build configuration list for PBXProject "Rotator" */ = {
			isa = XCConfigurationList;
			buildConfigurations = (
				B9A1FF4C261A493FF27AD605 /* Debug */,
				1872631125DF85A968E38C58 /* Release */,
			);
			defaultConfigurationIsVisible = 0;
			defaultConfigurationName = Release;
		};
		7F20F29B84DA5F8116F23B07 /* Build configuration list for PBXNativeTarget "Rotator" */ = {
			isa = XCConfigurationList;
			buildConfigurations = (
				5B9B9D847B43493E753C75E5 /* Debug */,
				D5597EF465BBBDA5E88480FC /* Release */,
			);
			defaultConfigurationIsVisible = 0;
			defaultConfigurationName = Release;
		};
		41BA92153187ECE9568FBBDA /* Build configuration list for PBXNativeTarget "RotatorUITests" */ = {
			isa = XCConfigurationList;
			buildConfigurations = (
				B8D6F32856EB0BB811875DCD /* Debug */,
				8B60D50C1B17BEC7744AFB85 /* Release */,
			);
			defaultConfigurationIsVisible = 0;
			defaultConfigurationName = Release;
		};
/* End XCConfigurationList section */
	};
	rootObject = 98F54143AB4E86B28C3AFEE0 /* Project object */;
}
